// !$*UTF8*$!
{
	archiveVersion = 1;
	classes = {
	};
	objectVersion = 56;
	objects = {

/* Begin PBXBuildFile section */
		2777F3692BCD6CDF00082685 /* AppDelegate.swift in Sources */ = {isa = PBXBuildFile; fileRef = 2777F3682BCD6CDF00082685 /* AppDelegate.swift */; };
		2777F36B2BCD6CDF00082685 /* SceneDelegate.swift in Sources */ = {isa = PBXBuildFile; fileRef = 2777F36A2BCD6CDF00082685 /* SceneDelegate.swift */; };
		2777F36D2BCD6CDF00082685 /* ViewController.swift in Sources */ = {isa = PBXBuildFile; fileRef = 2777F36C2BCD6CDF00082685 /* ViewController.swift */; };
		2777F3702BCD6CDF00082685 /* Main.storyboard in Resources */ = {isa = PBXBuildFile; fileRef = 2777F36E2BCD6CDF00082685 /* Main.storyboard */; };
		2777F3722BCD6CE200082685 /* Assets.xcassets in Resources */ = {isa = PBXBuildFile; fileRef = 2777F3712BCD6CE200082685 /* Assets.xcassets */; };
		2777F3752BCD6CE200082685 /* LaunchScreen.storyboard in Resources */ = {isa = PBXBuildFile; fileRef = 2777F3732BCD6CE200082685 /* LaunchScreen.storyboard */; };
		2777F3802BCD6D3F00082685 /* MediaCoverage.swift in Sources */ = {isa = PBXBuildFile; fileRef = 2777F37F2BCD6D3F00082685 /* MediaCoverage.swift */; };
		2777F3832BCD6E9D00082685 /* NetworkMonitor.swift in Sources */ = {isa = PBXBuildFile; fileRef = 2777F3822BCD6E9D00082685 /* NetworkMonitor.swift */; };
		2777F3852BCD705100082685 /* ApiClient.swift in Sources */ = {isa = PBXBuildFile; fileRef = 2777F3842BCD705100082685 /* ApiClient.swift */; };
		2777F3872BCD70B500082685 /* Constants.swift in Sources */ = {isa = PBXBuildFile; fileRef = 2777F3862BCD70B500082685 /* Constants.swift */; };
		2777F3892BCD734B00082685 /* MediaCoveragesAPI.swift in Sources */ = {isa = PBXBuildFile; fileRef = 2777F3882BCD734B00082685 /* MediaCoveragesAPI.swift */; };
		2777F38C2BCD76F400082685 /* ThumbnailCell.swift in Sources */ = {isa = PBXBuildFile; fileRef = 2777F38B2BCD76F400082685 /* ThumbnailCell.swift */; };
		2777F38E2BCD771C00082685 /* MediaCoveragesViewModel.swift in Sources */ = {isa = PBXBuildFile; fileRef = 2777F38D2BCD771C00082685 /* MediaCoveragesViewModel.swift */; };
		279BECCF2BD0E02100AE564C /* CacheMechanism.swift in Sources */ = {isa = PBXBuildFile; fileRef = 279BECCE2BD0E02100AE564C /* CacheMechanism.swift */; };
/* End PBXBuildFile section */

/* Begin PBXFileReference section */
		2777F3652BCD6CDF00082685 /* CacheImagesAssignment.app */ = {isa = PBXFileReference; explicitFileType = wrapper.application; includeInIndex = 0; path = CacheImagesAssignment.app; sourceTree = BUILT_PRODUCTS_DIR; };
		2777F3682BCD6CDF00082685 /* AppDelegate.swift */ = {isa = PBXFileReference; lastKnownFileType = sourcecode.swift; path = AppDelegate.swift; sourceTree = "<group>"; };
		2777F36A2BCD6CDF00082685 /* SceneDelegate.swift */ = {isa = PBXFileReference; lastKnownFileType = sourcecode.swift; path = SceneDelegate.swift; sourceTree = "<group>"; };
		2777F36C2BCD6CDF00082685 /* ViewController.swift */ = {isa = PBXFileReference; lastKnownFileType = sourcecode.swift; path = ViewController.swift; sourceTree = "<group>"; };
		2777F36F2BCD6CDF00082685 /* Base */ = {isa = PBXFileReference; lastKnownFileType = file.storyboard; name = Base; path = Base.lproj/Main.storyboard; sourceTree = "<group>"; };
		2777F3712BCD6CE200082685 /* Assets.xcassets */ = {isa = PBXFileReference; lastKnownFileType = folder.assetcatalog; path = Assets.xcassets; sourceTree = "<group>"; };
		2777F3742BCD6CE200082685 /* Base */ = {isa = PBXFileReference; lastKnownFileType = file.storyboard; name = Base; path = Base.lproj/LaunchScreen.storyboard; sourceTree = "<group>"; };
		2777F3762BCD6CE200082685 /* Info.plist */ = {isa = PBXFileReference; lastKnownFileType = text.plist.xml; path = Info.plist; sourceTree = "<group>"; };
		2777F37F2BCD6D3F00082685 /* MediaCoverage.swift */ = {isa = PBXFileReference; lastKnownFileType = sourcecode.swift; path = MediaCoverage.swift; sourceTree = "<group>"; };
		2777F3822BCD6E9D00082685 /* NetworkMonitor.swift */ = {isa = PBXFileReference; lastKnownFileType = sourcecode.swift; path = NetworkMonitor.swift; sourceTree = "<group>"; };
		2777F3842BCD705100082685 /* ApiClient.swift */ = {isa = PBXFileReference; lastKnownFileType = sourcecode.swift; path = ApiClient.swift; sourceTree = "<group>"; };
		2777F3862BCD70B500082685 /* Constants.swift */ = {isa = PBXFileReference; lastKnownFileType = sourcecode.swift; path = Constants.swift; sourceTree = "<group>"; };
		2777F3882BCD734B00082685 /* MediaCoveragesAPI.swift */ = {isa = PBXFileReference; lastKnownFileType = sourcecode.swift; path = MediaCoveragesAPI.swift; sourceTree = "<group>"; };
		2777F38B2BCD76F400082685 /* ThumbnailCell.swift */ = {isa = PBXFileReference; lastKnownFileType = sourcecode.swift; path = ThumbnailCell.swift; sourceTree = "<group>"; };
		2777F38D2BCD771C00082685 /* MediaCoveragesViewModel.swift */ = {isa = PBXFileReference; lastKnownFileType = sourcecode.swift; path = MediaCoveragesViewModel.swift; sourceTree = "<group>"; };
		279BECCE2BD0E02100AE564C /* CacheMechanism.swift */ = {isa = PBXFileReference; lastKnownFileType = sourcecode.swift; path = CacheMechanism.swift; sourceTree = "<group>"; };
/* End PBXFileReference section */

/* Begin PBXFrameworksBuildPhase section */
		2777F3622BCD6CDF00082685 /* Frameworks */ = {
			isa = PBXFrameworksBuildPhase;
			buildActionMask = 2147483647;
			files = (
			);
			runOnlyForDeploymentPostprocessing = 0;
		};
/* End PBXFrameworksBuildPhase section */

/* Begin PBXGroup section */
		2777F35C2BCD6CDF00082685 = {
			isa = PBXGroup;
			children = (
				2777F3672BCD6CDF00082685 /* CacheImagesAssignment */,
				2777F3662BCD6CDF00082685 /* Products */,
			);
			sourceTree = "<group>";
		};
		2777F3662BCD6CDF00082685 /* Products */ = {
			isa = PBXGroup;
			children = (
				2777F3652BCD6CDF00082685 /* CacheImagesAssignment.app */,
			);
			name = Products;
			sourceTree = "<group>";
		};
		2777F3672BCD6CDF00082685 /* CacheImagesAssignment */ = {
			isa = PBXGroup;
			children = (
				2777F3682BCD6CDF00082685 /* AppDelegate.swift */,
				2777F36A2BCD6CDF00082685 /* SceneDelegate.swift */,
				2777F3862BCD70B500082685 /* Constants.swift */,
				2777F3812BCD6E8A00082685 /* WebEngine */,
				2777F37C2BCD6CF700082685 /* Model */,
				2777F37E2BCD6D0400082685 /* View */,
				2777F37D2BCD6CFE00082685 /* ViewModel */,
				2777F3712BCD6CE200082685 /* Assets.xcassets */,
				2777F3762BCD6CE200082685 /* Info.plist */,
			);
			path = CacheImagesAssignment;
			sourceTree = "<group>";
		};
		2777F37C2BCD6CF700082685 /* Model */ = {
			isa = PBXGroup;
			children = (
				2777F37F2BCD6D3F00082685 /* MediaCoverage.swift */,
			);
			path = Model;
			sourceTree = "<group>";
		};
		2777F37D2BCD6CFE00082685 /* ViewModel */ = {
			isa = PBXGroup;
			children = (
				2777F38D2BCD771C00082685 /* MediaCoveragesViewModel.swift */,
				279BECCE2BD0E02100AE564C /* CacheMechanism.swift */,
			);
			path = ViewModel;
			sourceTree = "<group>";
		};
		2777F37E2BCD6D0400082685 /* View */ = {
			isa = PBXGroup;
			children = (
				2777F3732BCD6CE200082685 /* LaunchScreen.storyboard */,
				2777F36C2BCD6CDF00082685 /* ViewController.swift */,
				2777F36E2BCD6CDF00082685 /* Main.storyboard */,
				2777F38A2BCD76B900082685 /* ThumbnailCell */,
			);
			path = View;
			sourceTree = "<group>";
		};
		2777F3812BCD6E8A00082685 /* WebEngine */ = {
			isa = PBXGroup;
			children = (
				2777F3822BCD6E9D00082685 /* NetworkMonitor.swift */,
				2777F3842BCD705100082685 /* ApiClient.swift */,
				2777F3882BCD734B00082685 /* MediaCoveragesAPI.swift */,
			);
			path = WebEngine;
			sourceTree = "<group>";
		};
		2777F38A2BCD76B900082685 /* ThumbnailCell */ = {
			isa = PBXGroup;
			children = (
				2777F38B2BCD76F400082685 /* ThumbnailCell.swift */,
			);
			path = ThumbnailCell;
			sourceTree = "<group>";
		};
/* End PBXGroup section */

/* Begin PBXNativeTarget section */
		2777F3642BCD6CDF00082685 /* CacheImagesAssignment */ = {
			isa = PBXNativeTarget;
			buildConfigurationList = 2777F3792BCD6CE200082685 /* Build configuration list for PBXNativeTarget "CacheImagesAssignment" */;
			buildPhases = (
				2777F3612BCD6CDF00082685 /* Sources */,
				2777F3622BCD6CDF00082685 /* Frameworks */,
				2777F3632BCD6CDF00082685 /* Resources */,
			);
			buildRules = (
			);
			dependencies = (
			);
			name = CacheImagesAssignment;
			productName = CacheImagesAssignment;
			productReference = 2777F3652BCD6CDF00082685 /* CacheImagesAssignment.app */;
			productType = "com.apple.product-type.application";
		};
/* End PBXNativeTarget section */

/* Begin PBXProject section */
		2777F35D2BCD6CDF00082685 /* Project object */ = {
			isa = PBXProject;
			attributes = {
				BuildIndependentTargetsInParallel = 1;
				LastSwiftUpdateCheck = 1520;
				LastUpgradeCheck = 1520;
				TargetAttributes = {
					2777F3642BCD6CDF00082685 = {
						CreatedOnToolsVersion = 15.2;
					};
				};
			};
			buildConfigurationList = 2777F3602BCD6CDF00082685 /* Build configuration list for PBXProject "CacheImagesAssignment" */;
			compatibilityVersion = "Xcode 14.0";
			developmentRegion = en;
			hasScannedForEncodings = 0;
			knownRegions = (
				en,
				Base,
			);
			mainGroup = 2777F35C2BCD6CDF00082685;
			productRefGroup = 2777F3662BCD6CDF00082685 /* Products */;
			projectDirPath = "";
			projectRoot = "";
			targets = (
				2777F3642BCD6CDF00082685 /* CacheImagesAssignment */,
			);
		};
/* End PBXProject section */

/* Begin PBXResourcesBuildPhase section */
		2777F3632BCD6CDF00082685 /* Resources */ = {
			isa = PBXResourcesBuildPhase;
			buildActionMask = 2147483647;
			files = (
				2777F3752BCD6CE200082685 /* LaunchScreen.storyboard in Resources */,
				2777F3722BCD6CE200082685 /* Assets.xcassets in Resources */,
				2777F3702BCD6CDF00082685 /* Main.storyboard in Resources */,
			);
			runOnlyForDeploymentPostprocessing = 0;
		};
/* End PBXResourcesBuildPhase section */

/* Begin PBXSourcesBuildPhase section */
		2777F3612BCD6CDF00082685 /* Sources */ = {
			isa = PBXSourcesBuildPhase;
			buildActionMask = 2147483647;
			files = (
				2777F38C2BCD76F400082685 /* ThumbnailCell.swift in Sources */,
				2777F36D2BCD6CDF00082685 /* ViewController.swift in Sources */,
				279BECCF2BD0E02100AE564C /* CacheMechanism.swift in Sources */,
				2777F3692BCD6CDF00082685 /* AppDelegate.swift in Sources */,
				2777F3802BCD6D3F00082685 /* MediaCoverage.swift in Sources */,
				2777F3892BCD734B00082685 /* MediaCoveragesAPI.swift in Sources */,
				2777F3832BCD6E9D00082685 /* NetworkMonitor.swift in Sources */,
				2777F3872BCD70B500082685 /* Constants.swift in Sources */,
				2777F36B2BCD6CDF00082685 /* SceneDelegate.swift in Sources */,
				2777F3852BCD705100082685 /* ApiClient.swift in Sources */,
				2777F38E2BCD771C00082685 /* MediaCoveragesViewModel.swift in Sources */,
			);
			runOnlyForDeploymentPostprocessing = 0;
		};
/* End PBXSourcesBuildPhase section */

/* Begin PBXVariantGroup section */
		2777F36E2BCD6CDF00082685 /* Main.storyboard */ = {
			isa = PBXVariantGroup;
			children = (
				2777F36F2BCD6CDF00082685 /* Base */,
			);
			name = Main.storyboard;
			sourceTree = "<group>";
		};
		2777F3732BCD6CE200082685 /* LaunchScreen.storyboard */ = {
			isa = PBXVariantGroup;
			children = (
				2777F3742BCD6CE200082685 /* Base */,
			);
			name = LaunchScreen.storyboard;
			sourceTree = "<group>";
		};
/* End PBXVariantGroup section */

/* Begin XCBuildConfiguration section */
		2777F3772BCD6CE200082685 /* Debug */ = {
			isa = XCBuildConfiguration;
			buildSettings = {
				ALWAYS_SEARCH_USER_PATHS = NO;
				ASSETCATALOG_COMPILER_GENERATE_SWIFT_ASSET_SYMBOL_EXTENSIONS = YES;
				CLANG_ANALYZER_NONNULL = YES;
				CLANG_ANALYZER_NUMBER_OBJECT_CONVERSION = YES_AGGRESSIVE;
				CLANG_CXX_LANGUAGE_STANDARD = "gnu++20";
				CLANG_ENABLE_MODULES = YES;
				CLANG_ENABLE_OBJC_ARC = YES;
				CLANG_ENABLE_OBJC_WEAK = YES;
				CLANG_WARN_BLOCK_CAPTURE_AUTORELEASING = YES;
				CLANG_WARN_BOOL_CONVERSION = YES;
				CLANG_WARN_COMMA = YES;
				CLANG_WARN_CONSTANT_CONVERSION = YES;
				CLANG_WARN_DEPRECATED_OBJC_IMPLEMENTATIONS = YES;
				CLANG_WARN_DIRECT_OBJC_ISA_USAGE = YES_ERROR;
				CLANG_WARN_DOCUMENTATION_COMMENTS = YES;
				CLANG_WARN_EMPTY_BODY = YES;
				CLANG_WARN_ENUM_CONVERSION = YES;
				CLANG_WARN_INFINITE_RECURSION = YES;
				CLANG_WARN_INT_CONVERSION = YES;
				CLANG_WARN_NON_LITERAL_NULL_CONVERSION = YES;
				CLANG_WARN_OBJC_IMPLICIT_RETAIN_SELF = YES;
				CLANG_WARN_OBJC_LITERAL_CONVERSION = YES;
				CLANG_WARN_OBJC_ROOT_CLASS = YES_ERROR;
				CLANG_WARN_QUOTED_INCLUDE_IN_FRAMEWORK_HEADER = YES;
				CLANG_WARN_RANGE_LOOP_ANALYSIS = YES;
				CLANG_WARN_STRICT_PROTOTYPES = YES;
				CLANG_WARN_SUSPICIOUS_MOVE = YES;
				CLANG_WARN_UNGUARDED_AVAILABILITY = YES_AGGRESSIVE;
				CLANG_WARN_UNREACHABLE_CODE = YES;
				CLANG_WARN__DUPLICATE_METHOD_MATCH = YES;
				COPY_PHASE_STRIP = NO;
				DEBUG_INFORMATION_FORMAT = dwarf;
				ENABLE_STRICT_OBJC_MSGSEND = YES;
				ENABLE_TESTABILITY = YES;
				ENABLE_USER_SCRIPT_SANDBOXING = YES;
				GCC_C_LANGUAGE_STANDARD = gnu17;
				GCC_DYNAMIC_NO_PIC = NO;
				GCC_NO_COMMON_BLOCKS = YES;
				GCC_OPTIMIZATION_LEVEL = 0;
				GCC_PREPROCESSOR_DEFINITIONS = (
					"DEBUG=1",
					"$(inherited)",
				);
				GCC_WARN_64_TO_32_BIT_CONVERSION = YES;
				GCC_WARN_ABOUT_RETURN_TYPE = YES_ERROR;
				GCC_WARN_UNDECLARED_SELECTOR = YES;
				GCC_WARN_UNINITIALIZED_AUTOS = YES_AGGRESSIVE;
				GCC_WARN_UNUSED_FUNCTION = YES;
				GCC_WARN_UNUSED_VARIABLE = YES;
				IPHONEOS_DEPLOYMENT_TARGET = 17.2;
				LOCALIZATION_PREFERS_STRING_CATALOGS = YES;
				MTL_ENABLE_DEBUG_INFO = INCLUDE_SOURCE;
				MTL_FAST_MATH = YES;
				ONLY_ACTIVE_ARCH = YES;
				SDKROOT = iphoneos;
				SWIFT_ACTIVE_COMPILATION_CONDITIONS = "DEBUG $(inherited)";
				SWIFT_OPTIMIZATION_LEVEL = "-Onone";
			};
			name = Debug;
		};
		2777F3782BCD6CE200082685 /* Release */ = {
			isa = XCBuildConfiguration;
			buildSettings = {
				ALWAYS_SEARCH_USER_PATHS = NO;
				ASSETCATALOG_COMPILER_GENERATE_SWIFT_ASSET_SYMBOL_EXTENSIONS = YES;
				CLANG_ANALYZER_NONNULL = YES;
				CLANG_ANALYZER_NUMBER_OBJECT_CONVERSION = YES_AGGRESSIVE;
				CLANG_CXX_LANGUAGE_STANDARD = "gnu++20";
				CLANG_ENABLE_MODULES = YES;
				CLANG_ENABLE_OBJC_ARC = YES;
				CLANG_ENABLE_OBJC_WEAK = YES;
				CLANG_WARN_BLOCK_CAPTURE_AUTORELEASING = YES;
				CLANG_WARN_BOOL_CONVERSION = YES;
				CLANG_WARN_COMMA = YES;
				CLANG_WARN_CONSTANT_CONVERSION = YES;
				CLANG_WARN_DEPRECATED_OBJC_IMPLEMENTATIONS = YES;
				CLANG_WARN_DIRECT_OBJC_ISA_USAGE = YES_ERROR;
				CLANG_WARN_DOCUMENTATION_COMMENTS = YES;
				CLANG_WARN_EMPTY_BODY = YES;
				CLANG_WARN_ENUM_CONVERSION = YES;
				CLANG_WARN_INFINITE_RECURSION = YES;
				CLANG_WARN_INT_CONVERSION = YES;
				CLANG_WARN_NON_LITERAL_NULL_CONVERSION = YES;
				CLANG_WARN_OBJC_IMPLICIT_RETAIN_SELF = YES;
				CLANG_WARN_OBJC_LITERAL_CONVERSION = YES;
				CLANG_WARN_OBJC_ROOT_CLASS = YES_ERROR;
				CLANG_WARN_QUOTED_INCLUDE_IN_FRAMEWORK_HEADER = YES;
				CLANG_WARN_RANGE_LOOP_ANALYSIS = YES;
				CLANG_WARN_STRICT_PROTOTYPES = YES;
				CLANG_WARN_SUSPICIOUS_MOVE = YES;
				CLANG_WARN_UNGUARDED_AVAILABILITY = YES_AGGRESSIVE;
				CLANG_WARN_UNREACHABLE_CODE = YES;
				CLANG_WARN__DUPLICATE_METHOD_MATCH = YES;
				COPY_PHASE_STRIP = NO;
				DEBUG_INFORMATION_FORMAT = "dwarf-with-dsym";
				ENABLE_NS_ASSERTIONS = NO;
				ENABLE_STRICT_OBJC_MSGSEND = YES;
				ENABLE_USER_SCRIPT_SANDBOXING = YES;
				GCC_C_LANGUAGE_STANDARD = gnu17;
				GCC_NO_COMMON_BLOCKS = YES;
				GCC_WARN_64_TO_32_BIT_CONVERSION = YES;
				GCC_WARN_ABOUT_RETURN_TYPE = YES_ERROR;
				GCC_WARN_UNDECLARED_SELECTOR = YES;
				GCC_WARN_UNINITIALIZED_AUTOS = YES_AGGRESSIVE;
				GCC_WARN_UNUSED_FUNCTION = YES;
				GCC_WARN_UNUSED_VARIABLE = YES;
				IPHONEOS_DEPLOYMENT_TARGET = 17.2;
				LOCALIZATION_PREFERS_STRING_CATALOGS = YES;
				MTL_ENABLE_DEBUG_INFO = NO;
				MTL_FAST_MATH = YES;
				SDKROOT = iphoneos;
				SWIFT_COMPILATION_MODE = wholemodule;
				VALIDATE_PRODUCT = YES;
			};
			name = Release;
		};
		2777F37A2BCD6CE200082685 /* Debug */ = {
			isa = XCBuildConfiguration;
			buildSettings = {
				ASSETCATALOG_COMPILER_APPICON_NAME = AppIcon;
				ASSETCATALOG_COMPILER_GLOBAL_ACCENT_COLOR_NAME = AccentColor;
				CODE_SIGN_STYLE = Automatic;
				CURRENT_PROJECT_VERSION = 1;
				GENERATE_INFOPLIST_FILE = YES;
				INFOPLIST_FILE = CacheImagesAssignment/Info.plist;
				INFOPLIST_KEY_UIApplicationSupportsIndirectInputEvents = YES;
				INFOPLIST_KEY_UILaunchStoryboardName = LaunchScreen;
				INFOPLIST_KEY_UIMainStoryboardFile = Main;
				INFOPLIST_KEY_UISupportedInterfaceOrientations_iPad = "UIInterfaceOrientationPortrait UIInterfaceOrientationPortraitUpsideDown UIInterfaceOrientationLandscapeLeft UIInterfaceOrientationLandscapeRight";
				INFOPLIST_KEY_UISupportedInterfaceOrientations_iPhone = "UIInterfaceOrientationPortrait UIInterfaceOrientationLandscapeLeft UIInterfaceOrientationLandscapeRight";
				LD_RUNPATH_SEARCH_PATHS = (
					"$(inherited)",
					"@executable_path/Frameworks",
				);
				MARKETING_VERSION = 1.0;
				PRODUCT_BUNDLE_IDENTIFIER = Sri.CacheImagesAssignment;
				PRODUCT_NAME = "$(TARGET_NAME)";
				SWIFT_EMIT_LOC_STRINGS = YES;
				SWIFT_VERSION = 5.0;
				TARGETED_DEVICE_FAMILY = "1,2";
			};
			name = Debug;
		};
		2777F37B2BCD6CE200082685 /* Release */ = {
			isa = XCBuildConfiguration;
			buildSettings = {
				ASSETCATALOG_COMPILER_APPICON_NAME = AppIcon;
				ASSETCATALOG_COMPILER_GLOBAL_ACCENT_COLOR_NAME = AccentColor;
				CODE_SIGN_STYLE = Automatic;
				CURRENT_PROJECT_VERSION = 1;
				GENERATE_INFOPLIST_FILE = YES;
				INFOPLIST_FILE = CacheImagesAssignment/Info.plist;
				INFOPLIST_KEY_UIApplicationSupportsIndirectInputEvents = YES;
				INFOPLIST_KEY_UILaunchStoryboardName = LaunchScreen;
				INFOPLIST_KEY_UIMainStoryboardFile = Main;
				INFOPLIST_KEY_UISupportedInterfaceOrientations_iPad = "UIInterfaceOrientationPortrait UIInterfaceOrientationPortraitUpsideDown UIInterfaceOrientationLandscapeLeft UIInterfaceOrientationLandscapeRight";
				INFOPLIST_KEY_UISupportedInterfaceOrientations_iPhone = "UIInterfaceOrientationPortrait UIInterfaceOrientationLandscapeLeft UIInterfaceOrientationLandscapeRight";
				LD_RUNPATH_SEARCH_PATHS = (
					"$(inherited)",
					"@executable_path/Frameworks",
				);
				MARKETING_VERSION = 1.0;
				PRODUCT_BUNDLE_IDENTIFIER = Sri.CacheImagesAssignment;
				PRODUCT_NAME = "$(TARGET_NAME)";
				SWIFT_EMIT_LOC_STRINGS = YES;
				SWIFT_VERSION = 5.0;
				TARGETED_DEVICE_FAMILY = "1,2";
			};
			name = Release;
		};
/* End XCBuildConfiguration section */

/* Begin XCConfigurationList section */
		2777F3602BCD6CDF00082685 /* Build configuration list for PBXProject "CacheImagesAssignment" */ = {
			isa = XCConfigurationList;
			buildConfigurations = (
				2777F3772BCD6CE200082685 /* Debug */,
				2777F3782BCD6CE200082685 /* Release */,
			);
			defaultConfigurationIsVisible = 0;
			defaultConfigurationName = Release;
		};
		2777F3792BCD6CE200082685 /* Build configuration list for PBXNativeTarget "CacheImagesAssignment" */ = {
			isa = XCConfigurationList;
			buildConfigurations = (
				2777F37A2BCD6CE200082685 /* Debug */,
				2777F37B2BCD6CE200082685 /* Release */,
			);
			defaultConfigurationIsVisible = 0;
			defaultConfigurationName = Release;
		};
/* End XCConfigurationList section */
	};
	rootObject = 2777F35D2BCD6CDF00082685 /* Project object */;
}
